
Microsoft Visual Studio Solution File, Format Version 12.00
# Visual Studio Version 16
VisualStudioVersion = 16.0.30104.148
MinimumVisualStudioVersion = 10.0.40219.1
Project("{FAE04EC0-301F-11D3-BF4B-00C04F79EFBC}") = "EmployeeList", "EmployeeList\EmployeeList.csproj", "{5149E0DA-7EF5-475E-8879-DA5E85198D97}"
EndProject
Global
	GlobalSection(SolutionConfigurationPlatforms) = preSolution
		Debug|Any CPU = Debug|Any CPU
		Release|Any CPU = Release|Any CPU
	EndGlobalSection
	GlobalSection(ProjectConfigurationPlatforms) = postSolution
		{5149E0DA-7EF5-475E-8879-DA5E85198D97}.Debug|Any CPU.ActiveCfg = Debug|Any CPU
		{5149E0DA-7EF5-475E-8879-DA5E85198D97}.Debug|Any CPU.Build.0 = Debug|Any CPU
		{5149E0DA-7EF5-475E-8879-DA5E85198D97}.Release|Any CPU.ActiveCfg = Release|Any CPU
		{5149E0DA-7EF5-475E-8879-DA5E85198D97}.Release|Any CPU.Build.0 = Release|Any CPU
	EndGlobalSection
	GlobalSection(SolutionProperties) = preSolution
		HideSolutionNode = FALSE
	EndGlobalSection
	GlobalSection(ExtensibilityGlobals) = postSolution
		SolutionGuid = {23AEEB8F-6ECA-4800-8F2D-36670A353314}
	EndGlobalSection
EndGlobal
